{
  "requires": true,
  "lockfileVersion": 1,
  "dependencies": {
    "karma-ie-launcher": {
      "version": "1.0.0",
      "resolved": "https://registry.npmjs.org/karma-ie-launcher/-/karma-ie-launcher-1.0.0.tgz",
      "integrity": "sha1-SXmGhCxJAZA0bNifVJTKmDDG1Zw=",
      "requires": {
        "lodash": "4.17.5"
      }
    },
    "kotlin": {
      "version": "1.2.21",
      "resolved": "https://registry.npmjs.org/kotlin/-/kotlin-1.2.21.tgz",
      "integrity": "sha1-Tq8wsL9RUgA7yNZP0U5+EoEQFKg="
    },
    "lodash": {
      "version": "4.17.5",
      "resolved": "https://registry.npmjs.org/lodash/-/lodash-4.17.5.tgz",
      "integrity": "sha512-svL3uiZf1RwhH+cWrfZn3A4+U58wbP0tGVTLQPbjplZxZ8ROD9VLuNgsRniTlLe7OlSqR79RUehXgpBW/s0IQw=="
    }
  }
}
